
Microsoft Visual Studio Solution File, Format Version 12.00
# Visual Studio 15
VisualStudioVersion = 15.0.28010.2036
MinimumVisualStudioVersion = 10.0.40219.1
Project("{FAE04EC0-301F-11D3-BF4B-00C04F79EFBC}") = "APTIV2", "APTIV2\APTIV2.csproj", "{F4E7E343-008D-4532-ABD0-D76430BB6201}"
EndProject
Global
	GlobalSection(SolutionConfigurationPlatforms) = preSolution
		Debug|Any CPU = Debug|Any CPU
		Release|Any CPU = Release|Any CPU
	EndGlobalSection
	GlobalSection(ProjectConfigurationPlatforms) = postSolution
		{F4E7E343-008D-4532-ABD0-D76430BB6201}.Debug|Any CPU.ActiveCfg = Debug|Any CPU
		{F4E7E343-008D-4532-ABD0-D76430BB6201}.Debug|Any CPU.Build.0 = Debug|Any CPU
		{F4E7E343-008D-4532-ABD0-D76430BB6201}.Release|Any CPU.ActiveCfg = Release|Any CPU
		{F4E7E343-008D-4532-ABD0-D76430BB6201}.Release|Any CPU.Build.0 = Release|Any CPU
	EndGlobalSection
	GlobalSection(SolutionProperties) = preSolution
		HideSolutionNode = FALSE
	EndGlobalSection
	GlobalSection(ExtensibilityGlobals) = postSolution
		SolutionGuid = {2A511BF2-55C8-4787-B3F2-3AE5EC0A9A83}
	EndGlobalSection
EndGlobal
